github.com/drosseau/degob v0.0.0-20191126221224-efb72bcef901 h1:xX3vr62nWZt8sL+1/w9RThYykCW701JKwZQG0VKsrb8=
github.com/drosseau/degob v0.0.0-20191126221224-efb72bcef901/go.mod h1:EPHMUFfBsIXXjK+LsT2gjyy9Saibr8ruauUtNMpfY24=
github.com/julienschmidt/httprouter v1.3.0 h1:U0609e9tgbseu3rBINet9P48AI/D3oJs4dN7jwJOQ1U=
github.com/julienschmidt/httprouter v1.3.0/go.mod h1:JR6WtHb+2LUe8TCKY3cZOxFyyO8IZAc4RVcycCCAKdM=
github.com/kelseyhightower/envconfig v1.4.0 h1:Im6hONhd3pLkfDFsbRgu68RDNkGF1r3dvMUtDTo2cv8=
github.com/kelseyhightower/envconfig v1.4.0/go.mod h1:cccZRl6mQpaq41TPp5QxidR+Sa3axMbJDNb//FQX6Gg=
github.com/mendelgusmao/gofuzzyset v0.0.3 h1:GXqGbwxjpN2gSP5W2LEyNNgLCiv4kRuuGWlWJVyBbFU=
github.com/mendelgusmao/gofuzzyset v0.0.3/go.mod h1:g+C5lWniVPNTgjF5G3qkkMqkIOWB1iA4IXv8lrK/EbA=
github.com/mendelgusmao/gofuzzyset v0.0.4-0.20231208190426-992306f2745a h1:six8q2PMfPHQv8FstSwyx35kQEK/itMFAt5maH7Uvag=
github.com/mendelgusmao/gofuzzyset v0.0.4-0.20231208190426-992306f2745a/go.mod h1:g+C5lWniVPNTgjF5G3qkkMqkIOWB1iA4IXv8lrK/EbA=
github.com/orcaman/concurrent-map/v2 v2.0.0 h1:iSMwuBQvQ1nX5i9gYuGMiSy0fjWHmazdjF+NdSO9JzI=
github.com/orcaman/concurrent-map/v2 v2.0.0/go.mod h1:9Eq3TG2oBe5FirmYWQfYO5iH1q0Jv47PLaNK++uCdOM=
gitlab.com/drosseau/degob v0.0.0-20210223155345-9c3d88406ae2 h1:qjSQ8sL/BZJB9CFZvdmpawjbD2B2/wDylwNFe30lR0w=
gitlab.com/drosseau/degob v0.0.0-20210223155345-9c3d88406ae2/go.mod h1:bT03XdV5RExna2xhMqJsCb85wJn2b1mVYpDY2PIPx3w=
golang.org/x/text v0.3.6 h1:aRYxNxv6iGQlyVaZmk6ZgYEDa+Jg18DxebPSrd6bg1M=
golang.org/x/text v0.3.6/go.mod h1:5Zoc/QRtKVWzQhOtBMvqHzDpF6irO9z98xDceosuGiQ=
golang.org/x/tools v0.0.0-20180917221912-90fa682c2a6e/go.mod h1:n7NCudcB/nEzxVGmLbDWY5pfWTLqBcC2KZ6jyYvM4mQ=
